
Microsoft Visual Studio Solution File, Format Version 12.00
# Visual Studio 15
VisualStudioVersion = 15.0.28307.960
MinimumVisualStudioVersion = 10.0.40219.1
Project("{FAE04EC0-301F-11D3-BF4B-00C04F79EFBC}") = "process identification test", "process identification test\process identification test.csproj", "{07013661-7A77-40D3-A9BE-C93E99A322EB}"
EndProject
Global
	GlobalSection(SolutionConfigurationPlatforms) = preSolution
		Debug|Any CPU = Debug|Any CPU
		Release|Any CPU = Release|Any CPU
	EndGlobalSection
	GlobalSection(ProjectConfigurationPlatforms) = postSolution
		{07013661-7A77-40D3-A9BE-C93E99A322EB}.Debug|Any CPU.ActiveCfg = Debug|Any CPU
		{07013661-7A77-40D3-A9BE-C93E99A322EB}.Debug|Any CPU.Build.0 = Debug|Any CPU
		{07013661-7A77-40D3-A9BE-C93E99A322EB}.Release|Any CPU.ActiveCfg = Release|Any CPU
		{07013661-7A77-40D3-A9BE-C93E99A322EB}.Release|Any CPU.Build.0 = Release|Any CPU
	EndGlobalSection
	GlobalSection(SolutionProperties) = preSolution
		HideSolutionNode = FALSE
	EndGlobalSection
	GlobalSection(ExtensibilityGlobals) = postSolution
		SolutionGuid = {A0747417-DB67-41CA-BF47-06F15B8DFF0C}
	EndGlobalSection
EndGlobal
